<?xml version="1.0" encoding="utf-8"?>
<Project ToolsVersion="17.0" xmlns="http://schemas.microsoft.com/developer/msbuild/2003">
  <ItemGroup>
    <ClCompile Include="E:\test\bb\Torch\lib\bk_zip\bk_unzip.cpp">
      <Filter>Source Files</Filter>
    </ClCompile>
    <ClCompile Include="E:\test\bb\Torch\lib\strhash64\StrHash64.cpp">
      <Filter>Source Files</Filter>
    </ClCompile>
    <ClCompile Include="E:\test\bb\Torch\src\AliasManager.cpp">
      <Filter>Source Files</Filter>
    </ClCompile>
    <ClCompile Include="E:\test\bb\Torch\src\Companion.cpp">
      <Filter>Source Files</Filter>
    </ClCompile>
    <ClCompile Include="E:\test\bb\Torch\src\archive\BinaryWrapper.cpp">
      <Filter>Source Files</Filter>
    </ClCompile>
    <ClCompile Include="E:\test\bb\Torch\src\archive\SWrapper.cpp">
      <Filter>Source Files</Filter>
    </ClCompile>
    <ClCompile Include="E:\test\bb\Torch\src\archive\ZWrapper.cpp">
      <Filter>Source Files</Filter>
    </ClCompile>
    <ClCompile Include="E:\test\bb\Torch\src\factories\AssetArrayFactory.cpp">
      <Filter>Source Files</Filter>
    </ClCompile>
    <ClCompile Include="E:\test\bb\Torch\src\factories\BaseFactory.cpp">
      <Filter>Source Files</Filter>
    </ClCompile>
    <ClCompile Include="E:\test\bb\Torch\src\factories\BlobFactory.cpp">
      <Filter>Source Files</Filter>
    </ClCompile>
    <ClCompile Include="E:\test\bb\Torch\src\factories\CompressedTextureFactory.cpp">
      <Filter>Source Files</Filter>
    </ClCompile>
    <ClCompile Include="E:\test\bb\Torch\src\factories\DisplayListFactory.cpp">
      <Filter>Source Files</Filter>
    </ClCompile>
    <ClCompile Include="E:\test\bb\Torch\src\factories\DisplayListOverrides.cpp">
      <Filter>Source Files</Filter>
    </ClCompile>
    <ClCompile Include="E:\test\bb\Torch\src\factories\FloatFactory.cpp">
      <Filter>Source Files</Filter>
    </ClCompile>
    <ClCompile Include="E:\test\bb\Torch\src\factories\GenericArrayFactory.cpp">
      <Filter>Source Files</Filter>
    </ClCompile>
    <ClCompile Include="E:\test\bb\Torch\src\factories\IncludeFactory.cpp">
      <Filter>Source Files</Filter>
    </ClCompile>
    <ClCompile Include="E:\test\bb\Torch\src\factories\LightsFactory.cpp">
      <Filter>Source Files</Filter>
    </ClCompile>
    <ClCompile Include="E:\test\bb\Torch\src\factories\MtxFactory.cpp">
      <Filter>Source Files</Filter>
    </ClCompile>
    <ClCompile Include="E:\test\bb\Torch\src\factories\TextureFactory.cpp">
      <Filter>Source Files</Filter>
    </ClCompile>
    <ClCompile Include="E:\test\bb\Torch\src\factories\Vec3fFactory.cpp">
      <Filter>Source Files</Filter>
    </ClCompile>
    <ClCompile Include="E:\test\bb\Torch\src\factories\Vec3sFactory.cpp">
      <Filter>Source Files</Filter>
    </ClCompile>
    <ClCompile Include="E:\test\bb\Torch\src\factories\ViewportFactory.cpp">
      <Filter>Source Files</Filter>
    </ClCompile>
    <ClCompile Include="E:\test\bb\Torch\src\factories\VtxFactory.cpp">
      <Filter>Source Files</Filter>
    </ClCompile>
    <ClCompile Include="E:\test\bb\Torch\src\factories\bk64\AnimFactory.cpp">
      <Filter>Source Files</Filter>
    </ClCompile>
    <ClCompile Include="E:\test\bb\Torch\src\factories\bk64\BKAssetFactory.cpp">
      <Filter>Source Files</Filter>
    </ClCompile>
    <ClCompile Include="E:\test\bb\Torch\src\factories\bk64\ConfigFactory.cpp">
      <Filter>Source Files</Filter>
    </ClCompile>
    <ClCompile Include="E:\test\bb\Torch\src\factories\bk64\DemoInputFactory.cpp">
      <Filter>Source Files</Filter>
    </ClCompile>
    <ClCompile Include="E:\test\bb\Torch\src\factories\bk64\DialogFactory.cpp">
      <Filter>Source Files</Filter>
    </ClCompile>
    <ClCompile Include="E:\test\bb\Torch\src\factories\bk64\GeoLayoutFactory.cpp">
      <Filter>Source Files</Filter>
    </ClCompile>
    <ClCompile Include="E:\test\bb\Torch\src\factories\bk64\GruntyQuestionFactory.cpp">
      <Filter>Source Files</Filter>
    </ClCompile>
    <ClCompile Include="E:\test\bb\Torch\src\factories\bk64\MapFactory.cpp">
      <Filter>Source Files</Filter>
    </ClCompile>
    <ClCompile Include="E:\test\bb\Torch\src\factories\bk64\ModelFactory.cpp">
      <Filter>Source Files</Filter>
    </ClCompile>
    <ClCompile Include="E:\test\bb\Torch\src\factories\bk64\QuizQuestionFactory.cpp">
      <Filter>Source Files</Filter>
    </ClCompile>
    <ClCompile Include="E:\test\bb\Torch\src\factories\bk64\SoundfontTblFactory.cpp">
      <Filter>Source Files</Filter>
    </ClCompile>
    <ClCompile Include="E:\test\bb\Torch\src\factories\bk64\SpriteFactory.cpp">
      <Filter>Source Files</Filter>
    </ClCompile>
    <ClCompile Include="E:\test\bb\Torch\src\factories\fzerox\CourseFactory.cpp">
      <Filter>Source Files</Filter>
    </ClCompile>
    <ClCompile Include="E:\test\bb\Torch\src\factories\fzerox\EADAnimationFactory.cpp">
      <Filter>Source Files</Filter>
    </ClCompile>
    <ClCompile Include="E:\test\bb\Torch\src\factories\fzerox\EADLimbFactory.cpp">
      <Filter>Source Files</Filter>
    </ClCompile>
    <ClCompile Include="E:\test\bb\Torch\src\factories\fzerox\GhostRecordFactory.cpp">
      <Filter>Source Files</Filter>
    </ClCompile>
    <ClCompile Include="E:\test\bb\Torch\src\factories\fzerox\SequenceFactory.cpp">
      <Filter>Source Files</Filter>
    </ClCompile>
    <ClCompile Include="E:\test\bb\Torch\src\factories\fzerox\SoundFontFactory.cpp">
      <Filter>Source Files</Filter>
    </ClCompile>
    <ClCompile Include="E:\test\bb\Torch\src\factories\mario_artist\MA2D1Factory.cpp">
      <Filter>Source Files</Filter>
    </ClCompile>
    <ClCompile Include="E:\test\bb\Torch\src\factories\mk64\CourseMetadata.cpp">
      <Filter>Source Files</Filter>
    </ClCompile>
    <ClCompile Include="E:\test\bb\Torch\src\factories\mk64\CourseVtx.cpp">
      <Filter>Source Files</Filter>
    </ClCompile>
    <ClCompile Include="E:\test\bb\Torch\src\factories\mk64\DrivingBehaviour.cpp">
      <Filter>Source Files</Filter>
    </ClCompile>
    <ClCompile Include="E:\test\bb\Torch\src\factories\mk64\ItemCurve.cpp">
      <Filter>Source Files</Filter>
    </ClCompile>
    <ClCompile Include="E:\test\bb\Torch\src\factories\mk64\PackedDisplayListFactory.cpp">
      <Filter>Source Files</Filter>
    </ClCompile>
    <ClCompile Include="E:\test\bb\Torch\src\factories\mk64\Paths.cpp">
      <Filter>Source Files</Filter>
    </ClCompile>
    <ClCompile Include="E:\test\bb\Torch\src\factories\mk64\SpawnData.cpp">
      <Filter>Source Files</Filter>
    </ClCompile>
    <ClCompile Include="E:\test\bb\Torch\src\factories\mk64\TrackSections.cpp">
      <Filter>Source Files</Filter>
    </ClCompile>
    <ClCompile Include="E:\test\bb\Torch\src\factories\mk64\UnkSpawnData.cpp">
      <Filter>Source Files</Filter>
    </ClCompile>
    <ClCompile Include="E:\test\bb\Torch\src\factories\naudio\v0\AIFCDecode.cpp">
      <Filter>Source Files</Filter>
    </ClCompile>
    <ClCompile Include="E:\test\bb\Torch\src\factories\naudio\v0\AudioHeaderFactory.cpp">
      <Filter>Source Files</Filter>
    </ClCompile>
    <ClCompile Include="E:\test\bb\Torch\src\factories\naudio\v0\AudioManager.cpp">
      <Filter>Source Files</Filter>
    </ClCompile>
    <ClCompile Include="E:\test\bb\Torch\src\factories\naudio\v0\BankFactory.cpp">
      <Filter>Source Files</Filter>
    </ClCompile>
    <ClCompile Include="E:\test\bb\Torch\src\factories\naudio\v0\SampleFactory.cpp">
      <Filter>Source Files</Filter>
    </ClCompile>
    <ClCompile Include="E:\test\bb\Torch\src\factories\naudio\v0\SequenceFactory.cpp">
      <Filter>Source Files</Filter>
    </ClCompile>
    <ClCompile Include="E:\test\bb\Torch\src\factories\naudio\v0\SequencePlayerV0.cpp">
      <Filter>Source Files</Filter>
    </ClCompile>
    <ClCompile Include="E:\test\bb\Torch\src\factories\naudio\v1\AudioContext.cpp">
      <Filter>Source Files</Filter>
    </ClCompile>
    <ClCompile Include="E:\test\bb\Torch\src\factories\naudio\v1\AudioConverter.cpp">
      <Filter>Source Files</Filter>
    </ClCompile>
    <ClCompile Include="E:\test\bb\Torch\src\factories\naudio\v1\AudioTableFactory.cpp">
      <Filter>Source Files</Filter>
    </ClCompile>
    <ClCompile Include="E:\test\bb\Torch\src\factories\naudio\v1\BookFactory.cpp">
      <Filter>Source Files</Filter>
    </ClCompile>
    <ClCompile Include="E:\test\bb\Torch\src\factories\naudio\v1\DrumFactory.cpp">
      <Filter>Source Files</Filter>
    </ClCompile>
    <ClCompile Include="E:\test\bb\Torch\src\factories\naudio\v1\EnvelopeFactory.cpp">
      <Filter>Source Files</Filter>
    </ClCompile>
    <ClCompile Include="E:\test\bb\Torch\src\factories\naudio\v1\InstrumentFactory.cpp">
      <Filter>Source Files</Filter>
    </ClCompile>
    <ClCompile Include="E:\test\bb\Torch\src\factories\naudio\v1\LoopFactory.cpp">
      <Filter>Source Files</Filter>
    </ClCompile>
    <ClCompile Include="E:\test\bb\Torch\src\factories\naudio\v1\SampleFactory.cpp">
      <Filter>Source Files</Filter>
    </ClCompile>
    <ClCompile Include="E:\test\bb\Torch\src\factories\naudio\v1\SequenceFactory.cpp">
      <Filter>Source Files</Filter>
    </ClCompile>
    <ClCompile Include="E:\test\bb\Torch\src\factories\naudio\v1\SequencePlayerV1.cpp">
      <Filter>Source Files</Filter>
    </ClCompile>
    <ClCompile Include="E:\test\bb\Torch\src\factories\naudio\v1\SoundFontFactory.cpp">
      <Filter>Source Files</Filter>
    </ClCompile>
    <ClCompile Include="E:\test\bb\Torch\src\factories\oot\DeferredVtx.cpp">
      <Filter>Source Files</Filter>
    </ClCompile>
    <ClCompile Include="E:\test\bb\Torch\src\factories\oot\OoTAnimationFactory.cpp">
      <Filter>Source Files</Filter>
    </ClCompile>
    <ClCompile Include="E:\test\bb\Torch\src\factories\oot\OoTArrayFactory.cpp">
      <Filter>Source Files</Filter>
    </ClCompile>
    <ClCompile Include="E:\test\bb\Torch\src\factories\oot\OoTAudioFactory.cpp">
      <Filter>Source Files</Filter>
    </ClCompile>
    <ClCompile Include="E:\test\bb\Torch\src\factories\oot\OoTAudioFontWriter.cpp">
      <Filter>Source Files</Filter>
    </ClCompile>
    <ClCompile Include="E:\test\bb\Torch\src\factories\oot\OoTAudioSampleWriter.cpp">
      <Filter>Source Files</Filter>
    </ClCompile>
    <ClCompile Include="E:\test\bb\Torch\src\factories\oot\OoTAudioSequenceWriter.cpp">
      <Filter>Source Files</Filter>
    </ClCompile>
    <ClCompile Include="E:\test\bb\Torch\src\factories\oot\OoTAudioTypes.cpp">
      <Filter>Source Files</Filter>
    </ClCompile>
    <ClCompile Include="E:\test\bb\Torch\src\factories\oot\OoTCollisionFactory.cpp">
      <Filter>Source Files</Filter>
    </ClCompile>
    <ClCompile Include="E:\test\bb\Torch\src\factories\oot\OoTCurveAnimationFactory.cpp">
      <Filter>Source Files</Filter>
    </ClCompile>
    <ClCompile Include="E:\test\bb\Torch\src\factories\oot\OoTCutsceneFactory.cpp">
      <Filter>Source Files</Filter>
    </ClCompile>
    <ClCompile Include="E:\test\bb\Torch\src\factories\oot\OoTDListHelpers.cpp">
      <Filter>Source Files</Filter>
    </ClCompile>
    <ClCompile Include="E:\test\bb\Torch\src\factories\oot\OoTLimbFactory.cpp">
      <Filter>Source Files</Filter>
    </ClCompile>
    <ClCompile Include="E:\test\bb\Torch\src\factories\oot\OoTMtxFactory.cpp">
      <Filter>Source Files</Filter>
    </ClCompile>
    <ClCompile Include="E:\test\bb\Torch\src\factories\oot\OoTPathFactory.cpp">
      <Filter>Source Files</Filter>
    </ClCompile>
    <ClCompile Include="E:\test\bb\Torch\src\factories\oot\OoTPlayerAnimationFactory.cpp">
      <Filter>Source Files</Filter>
    </ClCompile>
    <ClCompile Include="E:\test\bb\Torch\src\factories\oot\OoTSceneCommandWriter.cpp">
      <Filter>Source Files</Filter>
    </ClCompile>
    <ClCompile Include="E:\test\bb\Torch\src\factories\oot\OoTSceneFactory.cpp">
      <Filter>Source Files</Filter>
    </ClCompile>
    <ClCompile Include="E:\test\bb\Torch\src\factories\oot\OoTSceneUtils.cpp">
      <Filter>Source Files</Filter>
    </ClCompile>
    <ClCompile Include="E:\test\bb\Torch\src\factories\oot\OoTSkeletonFactory.cpp">
      <Filter>Source Files</Filter>
    </ClCompile>
    <ClCompile Include="E:\test\bb\Torch\src\factories\oot\OoTSkeletonTypes.cpp">
      <Filter>Source Files</Filter>
    </ClCompile>
    <ClCompile Include="E:\test\bb\Torch\src\factories\oot\OoTTextFactory.cpp">
      <Filter>Source Files</Filter>
    </ClCompile>
    <ClCompile Include="E:\test\bb\Torch\src\factories\pm64\AudioFactory.cpp">
      <Filter>Source Files</Filter>
    </ClCompile>
    <ClCompile Include="E:\test\bb\Torch\src\factories\pm64\AudioPreview.cpp">
      <Filter>Source Files</Filter>
    </ClCompile>
    <ClCompile Include="E:\test\bb\Torch\src\factories\pm64\BackgroundFactory.cpp">
      <Filter>Source Files</Filter>
    </ClCompile>
    <ClCompile Include="E:\test\bb\Torch\src\factories\pm64\CollisionFactory.cpp">
      <Filter>Source Files</Filter>
    </ClCompile>
    <ClCompile Include="E:\test\bb\Torch\src\factories\pm64\ImagePreview.cpp">
      <Filter>Source Files</Filter>
    </ClCompile>
    <ClCompile Include="E:\test\bb\Torch\src\factories\pm64\ImgFXAnimFactory.cpp">
      <Filter>Source Files</Filter>
    </ClCompile>
    <ClCompile Include="E:\test\bb\Torch\src\factories\pm64\MapTextureFactory.cpp">
      <Filter>Source Files</Filter>
    </ClCompile>
    <ClCompile Include="E:\test\bb\Torch\src\factories\pm64\ShapeFactory.cpp">
      <Filter>Source Files</Filter>
    </ClCompile>
    <ClCompile Include="E:\test\bb\Torch\src\factories\pm64\SpriteFactory.cpp">
      <Filter>Source Files</Filter>
    </ClCompile>
    <ClCompile Include="E:\test\bb\Torch\src\factories\pm64\StoryImageFactory.cpp">
      <Filter>Source Files</Filter>
    </ClCompile>
    <ClCompile Include="E:\test\bb\Torch\src\factories\pm64\TitleDataFactory.cpp">
      <Filter>Source Files</Filter>
    </ClCompile>
    <ClCompile Include="E:\test\bb\Torch\src\factories\sf64\AnimFactory.cpp">
      <Filter>Source Files</Filter>
    </ClCompile>
    <ClCompile Include="E:\test\bb\Torch\src\factories\sf64\ColPolyFactory.cpp">
      <Filter>Source Files</Filter>
    </ClCompile>
    <ClCompile Include="E:\test\bb\Torch\src\factories\sf64\EnvironmentFactory.cpp">
      <Filter>Source Files</Filter>
    </ClCompile>
    <ClCompile Include="E:\test\bb\Torch\src\factories\sf64\HitboxFactory.cpp">
      <Filter>Source Files</Filter>
    </ClCompile>
    <ClCompile Include="E:\test\bb\Torch\src\factories\sf64\MessageFactory.cpp">
      <Filter>Source Files</Filter>
    </ClCompile>
    <ClCompile Include="E:\test\bb\Torch\src\factories\sf64\MessageLookupFactory.cpp">
      <Filter>Source Files</Filter>
    </ClCompile>
    <ClCompile Include="E:\test\bb\Torch\src\factories\sf64\ObjInitFactory.cpp">
      <Filter>Source Files</Filter>
    </ClCompile>
    <ClCompile Include="E:\test\bb\Torch\src\factories\sf64\SF64Preview.cpp">
      <Filter>Source Files</Filter>
    </ClCompile>
    <ClCompile Include="E:\test\bb\Torch\src\factories\sf64\ScriptFactory.cpp">
      <Filter>Source Files</Filter>
    </ClCompile>
    <ClCompile Include="E:\test\bb\Torch\src\factories\sf64\SkeletonFactory.cpp">
      <Filter>Source Files</Filter>
    </ClCompile>
    <ClCompile Include="E:\test\bb\Torch\src\factories\sf64\TriangleFactory.cpp">
      <Filter>Source Files</Filter>
    </ClCompile>
    <ClCompile Include="E:\test\bb\Torch\src\factories\sf64\audio\AudioDecompressor.cpp">
      <Filter>Source Files</Filter>
    </ClCompile>
    <ClCompile Include="E:\test\bb\Torch\src\factories\sm64\AnimationFactory.cpp">
      <Filter>Source Files</Filter>
    </ClCompile>
    <ClCompile Include="E:\test\bb\Torch\src\factories\sm64\BehaviorScriptFactory.cpp">
      <Filter>Source Files</Filter>
    </ClCompile>
    <ClCompile Include="E:\test\bb\Torch\src\factories\sm64\CollisionFactory.cpp">
      <Filter>Source Files</Filter>
    </ClCompile>
    <ClCompile Include="E:\test\bb\Torch\src\factories\sm64\DialogFactory.cpp">
      <Filter>Source Files</Filter>
    </ClCompile>
    <ClCompile Include="E:\test\bb\Torch\src\factories\sm64\DictionaryFactory.cpp">
      <Filter>Source Files</Filter>
    </ClCompile>
    <ClCompile Include="E:\test\bb\Torch\src\factories\sm64\GeoLayoutFactory.cpp">
      <Filter>Source Files</Filter>
    </ClCompile>
    <ClCompile Include="E:\test\bb\Torch\src\factories\sm64\LevelScriptFactory.cpp">
      <Filter>Source Files</Filter>
    </ClCompile>
    <ClCompile Include="E:\test\bb\Torch\src\factories\sm64\MacroFactory.cpp">
      <Filter>Source Files</Filter>
    </ClCompile>
    <ClCompile Include="E:\test\bb\Torch\src\factories\sm64\MovtexFactory.cpp">
      <Filter>Source Files</Filter>
    </ClCompile>
    <ClCompile Include="E:\test\bb\Torch\src\factories\sm64\MovtexQuadFactory.cpp">
      <Filter>Source Files</Filter>
    </ClCompile>
    <ClCompile Include="E:\test\bb\Torch\src\factories\sm64\PaintingFactory.cpp">
      <Filter>Source Files</Filter>
    </ClCompile>
    <ClCompile Include="E:\test\bb\Torch\src\factories\sm64\PaintingMapFactory.cpp">
      <Filter>Source Files</Filter>
    </ClCompile>
    <ClCompile Include="E:\test\bb\Torch\src\factories\sm64\TextFactory.cpp">
      <Filter>Source Files</Filter>
    </ClCompile>
    <ClCompile Include="E:\test\bb\Torch\src\factories\sm64\TextPreview.cpp">
      <Filter>Source Files</Filter>
    </ClCompile>
    <ClCompile Include="E:\test\bb\Torch\src\factories\sm64\TrajectoryFactory.cpp">
      <Filter>Source Files</Filter>
    </ClCompile>
    <ClCompile Include="E:\test\bb\Torch\src\factories\sm64\WaterDropletFactory.cpp">
      <Filter>Source Files</Filter>
    </ClCompile>
    <ClCompile Include="E:\test\bb\Torch\src\factories\sm64\geo\GeoUtils.cpp">
      <Filter>Source Files</Filter>
    </ClCompile>
    <ClCompile Include="E:\test\bb\Torch\src\lib\web.cpp">
      <Filter>Source Files</Filter>
    </ClCompile>
    <ClCompile Include="E:\test\bb\Torch\src\main.cpp">
      <Filter>Source Files</Filter>
    </ClCompile>
    <ClCompile Include="E:\test\bb\Torch\src\n64\Cartridge.cpp">
      <Filter>Source Files</Filter>
    </ClCompile>
    <ClCompile Include="E:\test\bb\Torch\src\preprocess\CompTool.cpp">
      <Filter>Source Files</Filter>
    </ClCompile>
    <ClCompile Include="E:\test\bb\Torch\src\types\Vec3D.cpp">
      <Filter>Source Files</Filter>
    </ClCompile>
    <ClCompile Include="E:\test\bb\Torch\src\ui\audio\SequenceDriver.cpp">
      <Filter>Source Files</Filter>
    </ClCompile>
    <ClCompile Include="E:\test\bb\Torch\src\ui\audio\SequenceSynth.cpp">
      <Filter>Source Files</Filter>
    </ClCompile>
    <ClCompile Include="E:\test\bb\Torch\src\ui\backends\LusBackend.cpp">
      <Filter>Source Files</Filter>
    </ClCompile>
    <ClCompile Include="E:\test\bb\Torch\src\utils\Decompressor.cpp">
      <Filter>Source Files</Filter>
    </ClCompile>
    <ClCompile Include="E:\test\bb\Torch\src\utils\StringHelper.cpp">
      <Filter>Source Files</Filter>
    </ClCompile>
    <ClCompile Include="E:\test\bb\Torch\src\utils\TextureUtils.cpp">
      <Filter>Source Files</Filter>
    </ClCompile>
    <ClCompile Include="E:\test\bb\Torch\src\utils\TorchUtils.cpp">
      <Filter>Source Files</Filter>
    </ClCompile>
    <ClCompile Include="E:\test\bb\Torch\lib\libmio0\mio0.c">
      <Filter>Source Files</Filter>
    </ClCompile>
    <ClCompile Include="E:\test\bb\Torch\lib\libmio0\tkmk00.c">
      <Filter>Source Files</Filter>
    </ClCompile>
    <ClCompile Include="E:\test\bb\Torch\lib\libmio0\utils.c">
      <Filter>Source Files</Filter>
    </ClCompile>
    <ClCompile Include="E:\test\bb\Torch\lib\libyay0\yay0.c">
      <Filter>Source Files</Filter>
    </ClCompile>
    <ClCompile Include="E:\test\bb\Torch\lib\libyay0\yay1.c">
      <Filter>Source Files</Filter>
    </ClCompile>
    <ClCompile Include="E:\test\bb\Torch\lib\libyaz0\yaz0.c">
      <Filter>Source Files</Filter>
    </ClCompile>
  </ItemGroup>
  <ItemGroup>
    <CustomBuild Include="E:\test\bb\Torch\CMakeLists.txt" />
  </ItemGroup>
  <ItemGroup>
    <Filter Include="Source Files">
      <UniqueIdentifier>{4F145C3B-7C40-39EC-AD02-DA1E4D45A699}</UniqueIdentifier>
    </Filter>
  </ItemGroup>
</Project>
